{
  "name": "09_this_day_2",
  "version": "1.0.0",
  "lockfileVersion": 1,
  "requires": true,
  "dependencies": {
    "cli-clear": {
      "version": "1.0.4",
      "resolved": "https://registry.npmjs.org/cli-clear/-/cli-clear-1.0.4.tgz",
      "integrity": "sha1-Qs8wUvJbcGg4b7fbrugtU0tkyJk="
    }
  }
}
